// !$*UTF8*$!
{
	archiveVersion = 1;
	classes = {
	};
	objectVersion = 51;
	objects = {

/* Begin PBXBuildFile section */
		1BB5E39202761A0576C4A7B5 /* Pods_Moment.framework in Frameworks */ = {isa = PBXBuildFile; fileRef = 3A7B01E9AFD4E5592FEA7E59 /* Pods_Moment.framework */; };
		8ECCD08F72F7036845E93FB6 /* Pods_MomentTests.framework in Frameworks */ = {isa = PBXBuildFile; fileRef = DC8733D1FB28D4FB162AA48B /* Pods_MomentTests.framework */; };
		8F11DF8A262D738100314C11 /* AppStoreTarget.xcconfig in Resources */ = {isa = PBXBuildFile; fileRef = 8F11DF7C262D738100314C11 /* AppStoreTarget.xcconfig */; };
		8F11DF8B262D738100314C11 /* DebugTarget.xcconfig in Resources */ = {isa = PBXBuildFile; fileRef = 8F11DF7D262D738100314C11 /* DebugTarget.xcconfig */; };
		8F11DF8C262D738100314C11 /* InternalTarget.xcconfig in Resources */ = {isa = PBXBuildFile; fileRef = 8F11DF7E262D738100314C11 /* InternalTarget.xcconfig */; };
		8F11DF8D262D738100314C11 /* BaseTarget.xcconfig in Resources */ = {isa = PBXBuildFile; fileRef = 8F11DF7F262D738100314C11 /* BaseTarget.xcconfig */; };
		8F11DF8E262D738100314C11 /* CompilerAndLanguage.xcconfig in Resources */ = {isa = PBXBuildFile; fileRef = 8F11DF81262D738100314C11 /* CompilerAndLanguage.xcconfig */; };
		8F11DF8F262D738100314C11 /* BaseConfigurations.xcconfig in Resources */ = {isa = PBXBuildFile; fileRef = 8F11DF82262D738100314C11 /* BaseConfigurations.xcconfig */; };
		8F11DF90262D738100314C11 /* SDKAndDeviceSupport.xcconfig in Resources */ = {isa = PBXBuildFile; fileRef = 8F11DF83262D738100314C11 /* SDKAndDeviceSupport.xcconfig */; };
		8F11DF91262D738100314C11 /* InternalProject.xcconfig in Resources */ = {isa = PBXBuildFile; fileRef = 8F11DF85262D738100314C11 /* InternalProject.xcconfig */; };
		8F11DF92262D738100314C11 /* AppStoreProject.xcconfig in Resources */ = {isa = PBXBuildFile; fileRef = 8F11DF86262D738100314C11 /* AppStoreProject.xcconfig */; };
		8F11DF93262D738100314C11 /* DebugProject.xcconfig in Resources */ = {isa = PBXBuildFile; fileRef = 8F11DF87262D738100314C11 /* DebugProject.xcconfig */; };
		8F11DF94262D738100314C11 /* BaseProject.xcconfig in Resources */ = {isa = PBXBuildFile; fileRef = 8F11DF88262D738100314C11 /* BaseProject.xcconfig */; };
		8F8D71692680943D00A2DB4E /* AppRouting.swift in Sources */ = {isa = PBXBuildFile; fileRef = 8F8D71682680943D00A2DB4E /* AppRouting.swift */; };
		8F8D71762680951900A2DB4E /* AppRouter.swift in Sources */ = {isa = PBXBuildFile; fileRef = 8F8D71752680951900A2DB4E /* AppRouter.swift */; };
		8F8D717B2680954E00A2DB4E /* Navigating.swift in Sources */ = {isa = PBXBuildFile; fileRef = 8F8D717A2680954E00A2DB4E /* Navigating.swift */; };
		8F8D7180268098A700A2DB4E /* RoutingSource.swift in Sources */ = {isa = PBXBuildFile; fileRef = 8F8D717F268098A700A2DB4E /* RoutingSource.swift */; };
		8F8D71852680991800A2DB4E /* TransitionType.swift in Sources */ = {isa = PBXBuildFile; fileRef = 8F8D71842680991800A2DB4E /* TransitionType.swift */; };
		8F8D718B2680AFBF00A2DB4E /* ApplicationExtensions.swift in Sources */ = {isa = PBXBuildFile; fileRef = 8F8D718A2680AFBF00A2DB4E /* ApplicationExtensions.swift */; };
		8F8D71972680B76400A2DB4E /* InternalMenuNavigator.swift in Sources */ = {isa = PBXBuildFile; fileRef = 8F8D71962680B76400A2DB4E /* InternalMenuNavigator.swift */; };
		8F8D71A72680B81300A2DB4E /* InternalMenuViewController.swift in Sources */ = {isa = PBXBuildFile; fileRef = 8F8D71A62680B81300A2DB4E /* InternalMenuViewController.swift */; };
		8F8D71AC2680BA4800A2DB4E /* UniversalLinks.swift in Sources */ = {isa = PBXBuildFile; fileRef = 8F8D71AB2680BA4800A2DB4E /* UniversalLinks.swift */; };
		8F8D71B32681935600A2DB4E /* DesignKitDemoViewController.swift in Sources */ = {isa = PBXBuildFile; fileRef = 8F8D71B22681935600A2DB4E /* DesignKitDemoViewController.swift */; };
		8F8D71BB2681944600A2DB4E /* InternalMenuCellType.swift in Sources */ = {isa = PBXBuildFile; fileRef = 8F8D71BA2681944600A2DB4E /* InternalMenuCellType.swift */; };
		8F8D71C02681949100A2DB4E /* InternalMenuItemViewModel.swift in Sources */ = {isa = PBXBuildFile; fileRef = 8F8D71BF2681949100A2DB4E /* InternalMenuItemViewModel.swift */; };
		8F8D71C52681B8B400A2DB4E /* InternalMenuDescriptionItemViewModel.swift in Sources */ = {isa = PBXBuildFile; fileRef = 8F8D71C42681B8B300A2DB4E /* InternalMenuDescriptionItemViewModel.swift */; };
		8F8D71CA2681BA0C00A2DB4E /* InternalMenuFeatureToggleItemViewModel.swift in Sources */ = {isa = PBXBuildFile; fileRef = 8F8D71C92681BA0B00A2DB4E /* InternalMenuFeatureToggleItemViewModel.swift */; };
		8F8D71CF2681BC6600A2DB4E /* InternalMenuActionTriggerItemViewModel.swift in Sources */ = {isa = PBXBuildFile; fileRef = 8F8D71CE2681BC6600A2DB4E /* InternalMenuActionTriggerItemViewModel.swift */; };
		8F8D71DC2681C25F00A2DB4E /* Localizable.strings in Resources */ = {isa = PBXBuildFile; fileRef = 8F8D71DE2681C25F00A2DB4E /* Localizable.strings */; };
		8F8D71F02681EE7500A2DB4E /* Strings+Generated.swift in Sources */ = {isa = PBXBuildFile; fileRef = 8F8D71EF2681EE7500A2DB4E /* Strings+Generated.swift */; };
		8F8D71FD2682CEA100A2DB4E /* InternalMenuDescriptionCell.swift in Sources */ = {isa = PBXBuildFile; fileRef = 8F8D71FC2682CEA100A2DB4E /* InternalMenuDescriptionCell.swift */; };
		8F8D72022682D04C00A2DB4E /* InternalMenuFeatureToggleCell.swift in Sources */ = {isa = PBXBuildFile; fileRef = 8F8D72012682D04C00A2DB4E /* InternalMenuFeatureToggleCell.swift */; };
		8F8D72072682D08B00A2DB4E /* InternalMenuActionTriggerCell.swift in Sources */ = {isa = PBXBuildFile; fileRef = 8F8D72062682D08B00A2DB4E /* InternalMenuActionTriggerCell.swift */; };
		8F8D720C2682D2F000A2DB4E /* Functions.swift in Sources */ = {isa = PBXBuildFile; fileRef = 8F8D720B2682D2F000A2DB4E /* Functions.swift */; };
		8FC908382628640100448E50 /* AppDelegate.swift in Sources */ = {isa = PBXBuildFile; fileRef = 8FC908372628640100448E50 /* AppDelegate.swift */; };
		8FC9083A2628640100448E50 /* SceneDelegate.swift in Sources */ = {isa = PBXBuildFile; fileRef = 8FC908392628640100448E50 /* SceneDelegate.swift */; };
		8FC908412628640300448E50 /* Assets.xcassets in Resources */ = {isa = PBXBuildFile; fileRef = 8FC908402628640300448E50 /* Assets.xcassets */; };
		8FC908442628640300448E50 /* LaunchScreen.storyboard in Resources */ = {isa = PBXBuildFile; fileRef = 8FC908422628640300448E50 /* LaunchScreen.storyboard */; };
		8FC9084F2628640400448E50 /* MomentTests.swift in Sources */ = {isa = PBXBuildFile; fileRef = 8FC9084E2628640400448E50 /* MomentTests.swift */; };
		8FC9085A2628640400448E50 /* MomentUITests.swift in Sources */ = {isa = PBXBuildFile; fileRef = 8FC908592628640400448E50 /* MomentUITests.swift */; };
		8FD0AE6C267B3DA700935F94 /* TogglesDataStoreType.swift in Sources */ = {isa = PBXBuildFile; fileRef = 8FD0AE6B267B3DA700935F94 /* TogglesDataStoreType.swift */; };
		8FD0AE74267B3ECD00935F94 /* BuildTargetTogglesDataStore.swift in Sources */ = {isa = PBXBuildFile; fileRef = 8FD0AE73267B3ECD00935F94 /* BuildTargetTogglesDataStore.swift */; };
		8FD0AE79267B3EE700935F94 /* InternalTogglesDataStore.swift in Sources */ = {isa = PBXBuildFile; fileRef = 8FD0AE78267B3EE700935F94 /* InternalTogglesDataStore.swift */; };
		8FD0AE7E267B3F0600935F94 /* FirebaseRemoteTogglesDataStore.swift in Sources */ = {isa = PBXBuildFile; fileRef = 8FD0AE7D267B3F0600935F94 /* FirebaseRemoteTogglesDataStore.swift */; };
		8FD0AE87267B660C00935F94 /* main.swift in Sources */ = {isa = PBXBuildFile; fileRef = 8FD0AE86267B660C00935F94 /* main.swift */; };
		8FD0AE8F267B71DE00935F94 /* MomentsTimelineViewController.swift in Sources */ = {isa = PBXBuildFile; fileRef = 8FD0AE8E267B71DE00935F94 /* MomentsTimelineViewController.swift */; };
		8FD97A72265756BC005EFD9A /* Configuration.swift in Sources */ = {isa = PBXBuildFile; fileRef = 8FD97A71265756BC005EFD9A /* Configuration.swift */; };
		8FD97AB8265E25C5005EFD9A /* GoogleService-Info-Development.plist in Resources */ = {isa = PBXBuildFile; fileRef = 8FD97AB5265E25C4005EFD9A /* GoogleService-Info-Development.plist */; };
		8FD97AB9265E25C5005EFD9A /* GoogleService-Info-AppStore.plist.plist in Resources */ = {isa = PBXBuildFile; fileRef = 8FD97AB6265E25C4005EFD9A /* GoogleService-Info-AppStore.plist.plist */; };
		8FD97ABA265E25C5005EFD9A /* GoogleService-Info-Internal.plist in Resources */ = {isa = PBXBuildFile; fileRef = 8FD97AB7265E25C4005EFD9A /* GoogleService-Info-Internal.plist */; };
		8FE313A22689E43E0022D991 /* InternalMenuViewModel.swift in Sources */ = {isa = PBXBuildFile; fileRef = 8FE313A12689E43E0022D991 /* InternalMenuViewModel.swift */; };
		8FE313A72689E4640022D991 /* InternalMenuSectionModel.swift in Sources */ = {isa = PBXBuildFile; fileRef = 8FE313A62689E4640022D991 /* InternalMenuSectionModel.swift */; };
		8FE313AC2689EB6A0022D991 /* DesignKitDemoNavigator.swift in Sources */ = {isa = PBXBuildFile; fileRef = 8FE313AB2689EB6A0022D991 /* DesignKitDemoNavigator.swift */; };
		8FE313B22689F48C0022D991 /* BaseViewController.swift in Sources */ = {isa = PBXBuildFile; fileRef = 8FE313B12689F48C0022D991 /* BaseViewController.swift */; };
/* End PBXBuildFile section */

/* Begin PBXContainerItemProxy section */
		8FC9084B2628640400448E50 /* PBXContainerItemProxy */ = {
			isa = PBXContainerItemProxy;
			containerPortal = 8FC9082C2628640100448E50 /* Project object */;
			proxyType = 1;
			remoteGlobalIDString = 8FC908332628640100448E50;
			remoteInfo = Moment;
		};
		8FC908562628640400448E50 /* PBXContainerItemProxy */ = {
			isa = PBXContainerItemProxy;
			containerPortal = 8FC9082C2628640100448E50 /* Project object */;
			proxyType = 1;
			remoteGlobalIDString = 8FC908332628640100448E50;
			remoteInfo = Moment;
		};
/* End PBXContainerItemProxy section */

/* Begin PBXFileReference section */
		01F0C4923A427EB3F22C9C8E /* Pods-Moment.appstore.xcconfig */ = {isa = PBXFileReference; includeInIndex = 1; lastKnownFileType = text.xcconfig; name = "Pods-Moment.appstore.xcconfig"; path = "Target Support Files/Pods-Moment/Pods-Moment.appstore.xcconfig"; sourceTree = "<group>"; };
		2A47728528B9F68B2CD37457 /* Pods-MomentTests.release.xcconfig */ = {isa = PBXFileReference; includeInIndex = 1; lastKnownFileType = text.xcconfig; name = "Pods-MomentTests.release.xcconfig"; path = "Target Support Files/Pods-MomentTests/Pods-MomentTests.release.xcconfig"; sourceTree = "<group>"; };
		36A0A9D7F931A7BEB9AC5742 /* Pods-Moment.debug.xcconfig */ = {isa = PBXFileReference; includeInIndex = 1; lastKnownFileType = text.xcconfig; name = "Pods-Moment.debug.xcconfig"; path = "Target Support Files/Pods-Moment/Pods-Moment.debug.xcconfig"; sourceTree = "<group>"; };
		3A7B01E9AFD4E5592FEA7E59 /* Pods_Moment.framework */ = {isa = PBXFileReference; explicitFileType = wrapper.framework; includeInIndex = 0; path = Pods_Moment.framework; sourceTree = BUILT_PRODUCTS_DIR; };
		3F3C7092B89FFE38382BD9A8 /* Pods-MomentTests.internal.xcconfig */ = {isa = PBXFileReference; includeInIndex = 1; lastKnownFileType = text.xcconfig; name = "Pods-MomentTests.internal.xcconfig"; path = "Target Support Files/Pods-MomentTests/Pods-MomentTests.internal.xcconfig"; sourceTree = "<group>"; };
		5C1F5552DF6E53BB04129307 /* Pods-MomentTests.debug.xcconfig */ = {isa = PBXFileReference; includeInIndex = 1; lastKnownFileType = text.xcconfig; name = "Pods-MomentTests.debug.xcconfig"; path = "Target Support Files/Pods-MomentTests/Pods-MomentTests.debug.xcconfig"; sourceTree = "<group>"; };
		8D1CD60A79FE32CAE9E9E4D1 /* Pods-MomentTests.appstore.xcconfig */ = {isa = PBXFileReference; includeInIndex = 1; lastKnownFileType = text.xcconfig; name = "Pods-MomentTests.appstore.xcconfig"; path = "Target Support Files/Pods-MomentTests/Pods-MomentTests.appstore.xcconfig"; sourceTree = "<group>"; };
		8F11DF7C262D738100314C11 /* AppStoreTarget.xcconfig */ = {isa = PBXFileReference; fileEncoding = 4; lastKnownFileType = text.xcconfig; path = AppStoreTarget.xcconfig; sourceTree = "<group>"; };
		8F11DF7D262D738100314C11 /* DebugTarget.xcconfig */ = {isa = PBXFileReference; fileEncoding = 4; lastKnownFileType = text.xcconfig; path = DebugTarget.xcconfig; sourceTree = "<group>"; };
		8F11DF7E262D738100314C11 /* InternalTarget.xcconfig */ = {isa = PBXFileReference; fileEncoding = 4; lastKnownFileType = text.xcconfig; path = InternalTarget.xcconfig; sourceTree = "<group>"; };
		8F11DF7F262D738100314C11 /* BaseTarget.xcconfig */ = {isa = PBXFileReference; fileEncoding = 4; lastKnownFileType = text.xcconfig; path = BaseTarget.xcconfig; sourceTree = "<group>"; };
		8F11DF81262D738100314C11 /* CompilerAndLanguage.xcconfig */ = {isa = PBXFileReference; fileEncoding = 4; lastKnownFileType = text.xcconfig; path = CompilerAndLanguage.xcconfig; sourceTree = "<group>"; };
		8F11DF82262D738100314C11 /* BaseConfigurations.xcconfig */ = {isa = PBXFileReference; fileEncoding = 4; lastKnownFileType = text.xcconfig; path = BaseConfigurations.xcconfig; sourceTree = "<group>"; };
		8F11DF83262D738100314C11 /* SDKAndDeviceSupport.xcconfig */ = {isa = PBXFileReference; fileEncoding = 4; lastKnownFileType = text.xcconfig; path = SDKAndDeviceSupport.xcconfig; sourceTree = "<group>"; };
		8F11DF85262D738100314C11 /* InternalProject.xcconfig */ = {isa = PBXFileReference; fileEncoding = 4; lastKnownFileType = text.xcconfig; path = InternalProject.xcconfig; sourceTree = "<group>"; };
		8F11DF86262D738100314C11 /* AppStoreProject.xcconfig */ = {isa = PBXFileReference; fileEncoding = 4; lastKnownFileType = text.xcconfig; path = AppStoreProject.xcconfig; sourceTree = "<group>"; };
		8F11DF87262D738100314C11 /* DebugProject.xcconfig */ = {isa = PBXFileReference; fileEncoding = 4; lastKnownFileType = text.xcconfig; path = DebugProject.xcconfig; sourceTree = "<group>"; };
		8F11DF88262D738100314C11 /* BaseProject.xcconfig */ = {isa = PBXFileReference; fileEncoding = 4; lastKnownFileType = text.xcconfig; path = BaseProject.xcconfig; sourceTree = "<group>"; };
		8F8D71682680943D00A2DB4E /* AppRouting.swift */ = {isa = PBXFileReference; lastKnownFileType = sourcecode.swift; path = AppRouting.swift; sourceTree = "<group>"; };
		8F8D71752680951900A2DB4E /* AppRouter.swift */ = {isa = PBXFileReference; lastKnownFileType = sourcecode.swift; path = AppRouter.swift; sourceTree = "<group>"; };
		8F8D717A2680954E00A2DB4E /* Navigating.swift */ = {isa = PBXFileReference; lastKnownFileType = sourcecode.swift; path = Navigating.swift; sourceTree = "<group>"; };
		8F8D717F268098A700A2DB4E /* RoutingSource.swift */ = {isa = PBXFileReference; lastKnownFileType = sourcecode.swift; path = RoutingSource.swift; sourceTree = "<group>"; };
		8F8D71842680991800A2DB4E /* TransitionType.swift */ = {isa = PBXFileReference; lastKnownFileType = sourcecode.swift; path = TransitionType.swift; sourceTree = "<group>"; };
		8F8D718A2680AFBF00A2DB4E /* ApplicationExtensions.swift */ = {isa = PBXFileReference; lastKnownFileType = sourcecode.swift; path = ApplicationExtensions.swift; sourceTree = "<group>"; };
		8F8D71962680B76400A2DB4E /* InternalMenuNavigator.swift */ = {isa = PBXFileReference; lastKnownFileType = sourcecode.swift; path = InternalMenuNavigator.swift; sourceTree = "<group>"; };
		8F8D71A62680B81300A2DB4E /* InternalMenuViewController.swift */ = {isa = PBXFileReference; lastKnownFileType = sourcecode.swift; path = InternalMenuViewController.swift; sourceTree = "<group>"; };
		8F8D71AB2680BA4800A2DB4E /* UniversalLinks.swift */ = {isa = PBXFileReference; lastKnownFileType = sourcecode.swift; path = UniversalLinks.swift; sourceTree = "<group>"; };
		8F8D71B22681935600A2DB4E /* DesignKitDemoViewController.swift */ = {isa = PBXFileReference; lastKnownFileType = sourcecode.swift; path = DesignKitDemoViewController.swift; sourceTree = "<group>"; };
		8F8D71BA2681944600A2DB4E /* InternalMenuCellType.swift */ = {isa = PBXFileReference; lastKnownFileType = sourcecode.swift; path = InternalMenuCellType.swift; sourceTree = "<group>"; };
		8F8D71BF2681949100A2DB4E /* InternalMenuItemViewModel.swift */ = {isa = PBXFileReference; lastKnownFileType = sourcecode.swift; path = InternalMenuItemViewModel.swift; sourceTree = "<group>"; };
		8F8D71C42681B8B300A2DB4E /* InternalMenuDescriptionItemViewModel.swift */ = {isa = PBXFileReference; lastKnownFileType = sourcecode.swift; path = InternalMenuDescriptionItemViewModel.swift; sourceTree = "<group>"; };
		8F8D71C92681BA0B00A2DB4E /* InternalMenuFeatureToggleItemViewModel.swift */ = {isa = PBXFileReference; lastKnownFileType = sourcecode.swift; path = InternalMenuFeatureToggleItemViewModel.swift; sourceTree = "<group>"; };
		8F8D71CE2681BC6600A2DB4E /* InternalMenuActionTriggerItemViewModel.swift */ = {isa = PBXFileReference; lastKnownFileType = sourcecode.swift; path = InternalMenuActionTriggerItemViewModel.swift; sourceTree = "<group>"; };
		8F8D71DD2681C25F00A2DB4E /* en */ = {isa = PBXFileReference; lastKnownFileType = text.plist.strings; name = en; path = en.lproj/Localizable.strings; sourceTree = "<group>"; };
		8F8D71E22681C34C00A2DB4E /* zh-Hans */ = {isa = PBXFileReference; lastKnownFileType = text.plist.strings; name = "zh-Hans"; path = "zh-Hans.lproj/Localizable.strings"; sourceTree = "<group>"; };
		8F8D71EF2681EE7500A2DB4E /* Strings+Generated.swift */ = {isa = PBXFileReference; fileEncoding = 4; lastKnownFileType = sourcecode.swift; path = "Strings+Generated.swift"; sourceTree = "<group>"; };
		8F8D71FC2682CEA100A2DB4E /* InternalMenuDescriptionCell.swift */ = {isa = PBXFileReference; lastKnownFileType = sourcecode.swift; path = InternalMenuDescriptionCell.swift; sourceTree = "<group>"; };
		8F8D72012682D04C00A2DB4E /* InternalMenuFeatureToggleCell.swift */ = {isa = PBXFileReference; lastKnownFileType = sourcecode.swift; path = InternalMenuFeatureToggleCell.swift; sourceTree = "<group>"; };
		8F8D72062682D08B00A2DB4E /* InternalMenuActionTriggerCell.swift */ = {isa = PBXFileReference; lastKnownFileType = sourcecode.swift; path = InternalMenuActionTriggerCell.swift; sourceTree = "<group>"; };
		8F8D720B2682D2F000A2DB4E /* Functions.swift */ = {isa = PBXFileReference; lastKnownFileType = sourcecode.swift; path = Functions.swift; sourceTree = "<group>"; };
		8FC908342628640100448E50 /* Moment.app */ = {isa = PBXFileReference; explicitFileType = wrapper.application; includeInIndex = 0; path = Moment.app; sourceTree = BUILT_PRODUCTS_DIR; };
		8FC908372628640100448E50 /* AppDelegate.swift */ = {isa = PBXFileReference; lastKnownFileType = sourcecode.swift; path = AppDelegate.swift; sourceTree = "<group>"; };
		8FC908392628640100448E50 /* SceneDelegate.swift */ = {isa = PBXFileReference; lastKnownFileType = sourcecode.swift; path = SceneDelegate.swift; sourceTree = "<group>"; };
		8FC908402628640300448E50 /* Assets.xcassets */ = {isa = PBXFileReference; lastKnownFileType = folder.assetcatalog; path = Assets.xcassets; sourceTree = "<group>"; };
		8FC908432628640300448E50 /* Base */ = {isa = PBXFileReference; lastKnownFileType = file.storyboard; name = Base; path = Base.lproj/LaunchScreen.storyboard; sourceTree = "<group>"; };
		8FC908452628640300448E50 /* Info.plist */ = {isa = PBXFileReference; lastKnownFileType = text.plist.xml; path = Info.plist; sourceTree = "<group>"; };
		8FC9084A2628640400448E50 /* MomentTests.xctest */ = {isa = PBXFileReference; explicitFileType = wrapper.cfbundle; includeInIndex = 0; path = MomentTests.xctest; sourceTree = BUILT_PRODUCTS_DIR; };
		8FC9084E2628640400448E50 /* MomentTests.swift */ = {isa = PBXFileReference; lastKnownFileType = sourcecode.swift; path = MomentTests.swift; sourceTree = "<group>"; };
		8FC908502628640400448E50 /* Info.plist */ = {isa = PBXFileReference; lastKnownFileType = text.plist.xml; path = Info.plist; sourceTree = "<group>"; };
		8FC908552628640400448E50 /* MomentUITests.xctest */ = {isa = PBXFileReference; explicitFileType = wrapper.cfbundle; includeInIndex = 0; path = MomentUITests.xctest; sourceTree = BUILT_PRODUCTS_DIR; };
		8FC908592628640400448E50 /* MomentUITests.swift */ = {isa = PBXFileReference; lastKnownFileType = sourcecode.swift; path = MomentUITests.swift; sourceTree = "<group>"; };
		8FC9085B2628640400448E50 /* Info.plist */ = {isa = PBXFileReference; lastKnownFileType = text.plist.xml; path = Info.plist; sourceTree = "<group>"; };
		8FD0AE6B267B3DA700935F94 /* TogglesDataStoreType.swift */ = {isa = PBXFileReference; lastKnownFileType = sourcecode.swift; path = TogglesDataStoreType.swift; sourceTree = "<group>"; };
		8FD0AE73267B3ECD00935F94 /* BuildTargetTogglesDataStore.swift */ = {isa = PBXFileReference; lastKnownFileType = sourcecode.swift; path = BuildTargetTogglesDataStore.swift; sourceTree = "<group>"; };
		8FD0AE78267B3EE700935F94 /* InternalTogglesDataStore.swift */ = {isa = PBXFileReference; lastKnownFileType = sourcecode.swift; path = InternalTogglesDataStore.swift; sourceTree = "<group>"; };
		8FD0AE7D267B3F0600935F94 /* FirebaseRemoteTogglesDataStore.swift */ = {isa = PBXFileReference; lastKnownFileType = sourcecode.swift; path = FirebaseRemoteTogglesDataStore.swift; sourceTree = "<group>"; };
		8FD0AE86267B660C00935F94 /* main.swift */ = {isa = PBXFileReference; lastKnownFileType = sourcecode.swift; path = main.swift; sourceTree = "<group>"; };
		8FD0AE8E267B71DE00935F94 /* MomentsTimelineViewController.swift */ = {isa = PBXFileReference; lastKnownFileType = sourcecode.swift; path = MomentsTimelineViewController.swift; sourceTree = "<group>"; };
		8FD97A71265756BC005EFD9A /* Configuration.swift */ = {isa = PBXFileReference; fileEncoding = 4; lastKnownFileType = sourcecode.swift; path = Configuration.swift; sourceTree = "<group>"; };
		8FD97AB5265E25C4005EFD9A /* GoogleService-Info-Development.plist */ = {isa = PBXFileReference; fileEncoding = 4; lastKnownFileType = text.plist.xml; path = "GoogleService-Info-Development.plist"; sourceTree = "<group>"; };
		8FD97AB6265E25C4005EFD9A /* GoogleService-Info-AppStore.plist.plist */ = {isa = PBXFileReference; fileEncoding = 4; lastKnownFileType = text.plist.xml; path = "GoogleService-Info-AppStore.plist.plist"; sourceTree = "<group>"; };
		8FD97AB7265E25C4005EFD9A /* GoogleService-Info-Internal.plist */ = {isa = PBXFileReference; fileEncoding = 4; lastKnownFileType = text.plist.xml; path = "GoogleService-Info-Internal.plist"; sourceTree = "<group>"; };
		8FE313A12689E43E0022D991 /* InternalMenuViewModel.swift */ = {isa = PBXFileReference; lastKnownFileType = sourcecode.swift; path = InternalMenuViewModel.swift; sourceTree = "<group>"; };
		8FE313A62689E4640022D991 /* InternalMenuSectionModel.swift */ = {isa = PBXFileReference; lastKnownFileType = sourcecode.swift; path = InternalMenuSectionModel.swift; sourceTree = "<group>"; };
		8FE313AB2689EB6A0022D991 /* DesignKitDemoNavigator.swift */ = {isa = PBXFileReference; lastKnownFileType = sourcecode.swift; path = DesignKitDemoNavigator.swift; sourceTree = "<group>"; };
		8FE313B12689F48C0022D991 /* BaseViewController.swift */ = {isa = PBXFileReference; lastKnownFileType = sourcecode.swift; path = BaseViewController.swift; sourceTree = "<group>"; };
		A1669A849633749400B8C292 /* Pods-Moment.internal.xcconfig */ = {isa = PBXFileReference; includeInIndex = 1; lastKnownFileType = text.xcconfig; name = "Pods-Moment.internal.xcconfig"; path = "Target Support Files/Pods-Moment/Pods-Moment.internal.xcconfig"; sourceTree = "<group>"; };
		DC8733D1FB28D4FB162AA48B /* Pods_MomentTests.framework */ = {isa = PBXFileReference; explicitFileType = wrapper.framework; includeInIndex = 0; path = Pods_MomentTests.framework; sourceTree = BUILT_PRODUCTS_DIR; };
		F3306CDE42ED01AED35BCC4D /* Pods-Moment.release.xcconfig */ = {isa = PBXFileReference; includeInIndex = 1; lastKnownFileType = text.xcconfig; name = "Pods-Moment.release.xcconfig"; path = "Target Support Files/Pods-Moment/Pods-Moment.release.xcconfig"; sourceTree = "<group>"; };
/* End PBXFileReference section */

/* Begin PBXFrameworksBuildPhase section */
		8FC908312628640100448E50 /* Frameworks */ = {
			isa = PBXFrameworksBuildPhase;
			buildActionMask = 2147483647;
			files = (
				1BB5E39202761A0576C4A7B5 /* Pods_Moment.framework in Frameworks */,
			);
			runOnlyForDeploymentPostprocessing = 0;
		};
		8FC908472628640400448E50 /* Frameworks */ = {
			isa = PBXFrameworksBuildPhase;
			buildActionMask = 2147483647;
			files = (
				8ECCD08F72F7036845E93FB6 /* Pods_MomentTests.framework in Frameworks */,
			);
			runOnlyForDeploymentPostprocessing = 0;
		};
		8FC908522628640400448E50 /* Frameworks */ = {
			isa = PBXFrameworksBuildPhase;
			buildActionMask = 2147483647;
			files = (
			);
			runOnlyForDeploymentPostprocessing = 0;
		};
/* End PBXFrameworksBuildPhase section */

/* Begin PBXGroup section */
		323E6B526685F0EEB87B8889 /* Frameworks */ = {
			isa = PBXGroup;
			children = (
				3A7B01E9AFD4E5592FEA7E59 /* Pods_Moment.framework */,
				DC8733D1FB28D4FB162AA48B /* Pods_MomentTests.framework */,
			);
			name = Frameworks;
			sourceTree = "<group>";
		};
		8F11DF7A262D738100314C11 /* Configurations */ = {
			isa = PBXGroup;
			children = (
				8FD97A6526574D38005EFD9A /* Firebase */,
				8F11DF84262D738100314C11 /* Project */,
				8F11DF80262D738100314C11 /* Shared */,
				8F11DF7B262D738100314C11 /* Targets */,
			);
			path = Configurations;
			sourceTree = "<group>";
		};
		8F11DF7B262D738100314C11 /* Targets */ = {
			isa = PBXGroup;
			children = (
				8F11DF7C262D738100314C11 /* AppStoreTarget.xcconfig */,
				8F11DF7F262D738100314C11 /* BaseTarget.xcconfig */,
				8F11DF7D262D738100314C11 /* DebugTarget.xcconfig */,
				8F11DF7E262D738100314C11 /* InternalTarget.xcconfig */,
			);
			path = Targets;
			sourceTree = "<group>";
		};
		8F11DF80262D738100314C11 /* Shared */ = {
			isa = PBXGroup;
			children = (
				8F11DF82262D738100314C11 /* BaseConfigurations.xcconfig */,
				8F11DF81262D738100314C11 /* CompilerAndLanguage.xcconfig */,
				8F11DF83262D738100314C11 /* SDKAndDeviceSupport.xcconfig */,
			);
			path = Shared;
			sourceTree = "<group>";
		};
		8F11DF84262D738100314C11 /* Project */ = {
			isa = PBXGroup;
			children = (
				8F11DF86262D738100314C11 /* AppStoreProject.xcconfig */,
				8F11DF88262D738100314C11 /* BaseProject.xcconfig */,
				8F11DF87262D738100314C11 /* DebugProject.xcconfig */,
				8F11DF85262D738100314C11 /* InternalProject.xcconfig */,
			);
			path = Project;
			sourceTree = "<group>";
		};
		8F8D7167268093C400A2DB4E /* Routing */ = {
			isa = PBXGroup;
			children = (
				8F8D71682680943D00A2DB4E /* AppRouting.swift */,
				8F8D71752680951900A2DB4E /* AppRouter.swift */,
				8F8D717A2680954E00A2DB4E /* Navigating.swift */,
				8F8D717F268098A700A2DB4E /* RoutingSource.swift */,
				8F8D71842680991800A2DB4E /* TransitionType.swift */,
				8F8D71AB2680BA4800A2DB4E /* UniversalLinks.swift */,
			);
			path = Routing;
			sourceTree = "<group>";
		};
		8F8D71892680AFAC00A2DB4E /* Extensions */ = {
			isa = PBXGroup;
			children = (
				8F8D718A2680AFBF00A2DB4E /* ApplicationExtensions.swift */,
			);
			path = Extensions;
			sourceTree = "<group>";
		};
		8F8D71922680B6D800A2DB4E /* InternalMenu */ = {
			isa = PBXGroup;
			children = (
				8F8D71932680B6E100A2DB4E /* Routing */,
				8F8D71952680B71400A2DB4E /* ViewModels */,
				8F8D71942680B6FF00A2DB4E /* Views */,
			);
			path = InternalMenu;
			sourceTree = "<group>";
		};
		8F8D71932680B6E100A2DB4E /* Routing */ = {
			isa = PBXGroup;
			children = (
				8F8D71962680B76400A2DB4E /* InternalMenuNavigator.swift */,
				8FE313AB2689EB6A0022D991 /* DesignKitDemoNavigator.swift */,
			);
			path = Routing;
			sourceTree = "<group>";
		};
		8F8D71942680B6FF00A2DB4E /* Views */ = {
			isa = PBXGroup;
			children = (
				8F8D71B22681935600A2DB4E /* DesignKitDemoViewController.swift */,
				8F8D71A62680B81300A2DB4E /* InternalMenuViewController.swift */,
				8F8D71BA2681944600A2DB4E /* InternalMenuCellType.swift */,
				8F8D71FC2682CEA100A2DB4E /* InternalMenuDescriptionCell.swift */,
				8F8D72012682D04C00A2DB4E /* InternalMenuFeatureToggleCell.swift */,
				8F8D72062682D08B00A2DB4E /* InternalMenuActionTriggerCell.swift */,
			);
			path = Views;
			sourceTree = "<group>";
		};
		8F8D71952680B71400A2DB4E /* ViewModels */ = {
			isa = PBXGroup;
			children = (
				8F8D71BF2681949100A2DB4E /* InternalMenuItemViewModel.swift */,
				8F8D71C42681B8B300A2DB4E /* InternalMenuDescriptionItemViewModel.swift */,
				8F8D71C92681BA0B00A2DB4E /* InternalMenuFeatureToggleItemViewModel.swift */,
				8F8D71CE2681BC6600A2DB4E /* InternalMenuActionTriggerItemViewModel.swift */,
				8FE313A12689E43E0022D991 /* InternalMenuViewModel.swift */,
				8FE313A62689E4640022D991 /* InternalMenuSectionModel.swift */,
			);
			path = ViewModels;
			sourceTree = "<group>";
		};
		8F8D71E62681C71D00A2DB4E /* Generated */ = {
			isa = PBXGroup;
			children = (
				8F8D71EF2681EE7500A2DB4E /* Strings+Generated.swift */,
			);
			path = Generated;
			sourceTree = "<group>";
		};
		8FC9082B2628640100448E50 = {
			isa = PBXGroup;
			children = (
				8FC908362628640100448E50 /* Moment */,
				8FC9084D2628640400448E50 /* MomentTests */,
				8FC908582628640400448E50 /* MomentUITests */,
				8FC908352628640100448E50 /* Products */,
				AC3F14514EE5A9ACAEA1A3C7 /* Pods */,
				323E6B526685F0EEB87B8889 /* Frameworks */,
			);
			sourceTree = "<group>";
		};
		8FC908352628640100448E50 /* Products */ = {
			isa = PBXGroup;
			children = (
				8FC908342628640100448E50 /* Moment.app */,
				8FC9084A2628640400448E50 /* MomentTests.xctest */,
				8FC908552628640400448E50 /* MomentUITests.xctest */,
			);
			name = Products;
			sourceTree = "<group>";
		};
		8FC908362628640100448E50 /* Moment */ = {
			isa = PBXGroup;
			children = (
				8F8D71E62681C71D00A2DB4E /* Generated */,
				8FD0AE8B267B719800935F94 /* Features */,
				8FD0AE82267B659100935F94 /* Resources */,
				8FD97A6F26575665005EFD9A /* Foundations */,
				8F11DF7A262D738100314C11 /* Configurations */,
				8FC908372628640100448E50 /* AppDelegate.swift */,
				8FC908392628640100448E50 /* SceneDelegate.swift */,
				8FD0AE86267B660C00935F94 /* main.swift */,
				8FC908402628640300448E50 /* Assets.xcassets */,
				8FC908452628640300448E50 /* Info.plist */,
			);
			path = Moment;
			sourceTree = "<group>";
		};
		8FC9084D2628640400448E50 /* MomentTests */ = {
			isa = PBXGroup;
			children = (
				8FC908502628640400448E50 /* Info.plist */,
				8FC9084E2628640400448E50 /* MomentTests.swift */,
			);
			path = MomentTests;
			sourceTree = "<group>";
		};
		8FC908582628640400448E50 /* MomentUITests */ = {
			isa = PBXGroup;
			children = (
				8FC9085B2628640400448E50 /* Info.plist */,
				8FC908592628640400448E50 /* MomentUITests.swift */,
			);
			path = MomentUITests;
			sourceTree = "<group>";
		};
		8FD0AE6A267B3D3500935F94 /* Toggles */ = {
			isa = PBXGroup;
			children = (
				8FD0AE6B267B3DA700935F94 /* TogglesDataStoreType.swift */,
				8FD0AE73267B3ECD00935F94 /* BuildTargetTogglesDataStore.swift */,
				8FD0AE78267B3EE700935F94 /* InternalTogglesDataStore.swift */,
				8FD0AE7D267B3F0600935F94 /* FirebaseRemoteTogglesDataStore.swift */,
			);
			path = Toggles;
			sourceTree = "<group>";
		};
		8FD0AE82267B659100935F94 /* Resources */ = {
			isa = PBXGroup;
			children = (
				8FC908422628640300448E50 /* LaunchScreen.storyboard */,
				8F8D71DE2681C25F00A2DB4E /* Localizable.strings */,
			);
			path = Resources;
			sourceTree = "<group>";
		};
		8FD0AE8B267B719800935F94 /* Features */ = {
			isa = PBXGroup;
			children = (
				8F8D71922680B6D800A2DB4E /* InternalMenu */,
				8FD0AE8C267B71A500935F94 /* Moment */,
			);
			path = Features;
			sourceTree = "<group>";
		};
		8FD0AE8C267B71A500935F94 /* Moment */ = {
			isa = PBXGroup;
			children = (
				8FD0AE8D267B71AD00935F94 /* Views */,
			);
			path = Moment;
			sourceTree = "<group>";
		};
		8FD0AE8D267B71AD00935F94 /* Views */ = {
			isa = PBXGroup;
			children = (
				8FD0AE8E267B71DE00935F94 /* MomentsTimelineViewController.swift */,
			);
			path = Views;
			sourceTree = "<group>";
		};
		8FD97A6526574D38005EFD9A /* Firebase */ = {
			isa = PBXGroup;
			children = (
				8FD97AB6265E25C4005EFD9A /* GoogleService-Info-AppStore.plist.plist */,
				8FD97AB5265E25C4005EFD9A /* GoogleService-Info-Development.plist */,
				8FD97AB7265E25C4005EFD9A /* GoogleService-Info-Internal.plist */,
			);
			path = Firebase;
			sourceTree = "<group>";
		};
		8FD97A6F26575665005EFD9A /* Foundations */ = {
			isa = PBXGroup;
			children = (
				8FE313B02689F47A0022D991 /* Views */,
				8F8D71892680AFAC00A2DB4E /* Extensions */,
				8F8D7167268093C400A2DB4E /* Routing */,
				8FD0AE6A267B3D3500935F94 /* Toggles */,
				8FD97A7026575670005EFD9A /* Utilities */,
			);
			path = Foundations;
			sourceTree = "<group>";
		};
		8FD97A7026575670005EFD9A /* Utilities */ = {
			isa = PBXGroup;
			children = (
				8FD97A71265756BC005EFD9A /* Configuration.swift */,
				8F8D720B2682D2F000A2DB4E /* Functions.swift */,
			);
			path = Utilities;
			sourceTree = "<group>";
		};
		8FE313B02689F47A0022D991 /* Views */ = {
			isa = PBXGroup;
			children = (
				8FE313B12689F48C0022D991 /* BaseViewController.swift */,
			);
			path = Views;
			sourceTree = "<group>";
		};
		AC3F14514EE5A9ACAEA1A3C7 /* Pods */ = {
			isa = PBXGroup;
			children = (
				01F0C4923A427EB3F22C9C8E /* Pods-Moment.appstore.xcconfig */,
				36A0A9D7F931A7BEB9AC5742 /* Pods-Moment.debug.xcconfig */,
				A1669A849633749400B8C292 /* Pods-Moment.internal.xcconfig */,
				F3306CDE42ED01AED35BCC4D /* Pods-Moment.release.xcconfig */,
				8D1CD60A79FE32CAE9E9E4D1 /* Pods-MomentTests.appstore.xcconfig */,
				5C1F5552DF6E53BB04129307 /* Pods-MomentTests.debug.xcconfig */,
				3F3C7092B89FFE38382BD9A8 /* Pods-MomentTests.internal.xcconfig */,
				2A47728528B9F68B2CD37457 /* Pods-MomentTests.release.xcconfig */,
			);
			name = Pods;
			path = ../Pods;
			sourceTree = "<group>";
		};
/* End PBXGroup section */

/* Begin PBXNativeTarget section */
		8FC908332628640100448E50 /* Moment */ = {
			isa = PBXNativeTarget;
			buildConfigurationList = 8FC9085E2628640400448E50 /* Build configuration list for PBXNativeTarget "Moment" */;
			buildPhases = (
				199CA9663528B6FC74B96895 /* [CP] Check Pods Manifest.lock */,
				8F8D71D32681C03500A2DB4E /* Run SwiftGen */,
				8FC908302628640100448E50 /* Sources */,
				8F11DFA4262D7FBE00314C11 /* Run SwiftLint */,
				8FD97AA2265E220F005EFD9A /* Copy Firebase Config File */,
				8FC908312628640100448E50 /* Frameworks */,
				8FC908322628640100448E50 /* Resources */,
				3B5E441560B762AD8D996C6F /* [CP] Embed Pods Frameworks */,
			);
			buildRules = (
			);
			dependencies = (
			);
			name = Moment;
			productName = Moment;
			productReference = 8FC908342628640100448E50 /* Moment.app */;
			productType = "com.apple.product-type.application";
		};
		8FC908492628640400448E50 /* MomentTests */ = {
			isa = PBXNativeTarget;
			buildConfigurationList = 8FC908612628640400448E50 /* Build configuration list for PBXNativeTarget "MomentTests" */;
			buildPhases = (
				B42DDDAC5870B08F2217794A /* [CP] Check Pods Manifest.lock */,
				8FC908462628640400448E50 /* Sources */,
				8FC908472628640400448E50 /* Frameworks */,
				8FC908482628640400448E50 /* Resources */,
				46A0E4202AF96B33A0860CC7 /* [CP] Embed Pods Frameworks */,
			);
			buildRules = (
			);
			dependencies = (
				8FC9084C2628640400448E50 /* PBXTargetDependency */,
			);
			name = MomentTests;
			productName = MomentTests;
			productReference = 8FC9084A2628640400448E50 /* MomentTests.xctest */;
			productType = "com.apple.product-type.bundle.unit-test";
		};
		8FC908542628640400448E50 /* MomentUITests */ = {
			isa = PBXNativeTarget;
			buildConfigurationList = 8FC908642628640400448E50 /* Build configuration list for PBXNativeTarget "MomentUITests" */;
			buildPhases = (
				8FC908512628640400448E50 /* Sources */,
				8FC908522628640400448E50 /* Frameworks */,
				8FC908532628640400448E50 /* Resources */,
			);
			buildRules = (
			);
			dependencies = (
				8FC908572628640400448E50 /* PBXTargetDependency */,
			);
			name = MomentUITests;
			productName = MomentUITests;
			productReference = 8FC908552628640400448E50 /* MomentUITests.xctest */;
			productType = "com.apple.product-type.bundle.ui-testing";
		};
/* End PBXNativeTarget section */

/* Begin PBXProject section */
		8FC9082C2628640100448E50 /* Project object */ = {
			isa = PBXProject;
			attributes = {
				LastSwiftUpdateCheck = 1240;
				LastUpgradeCheck = 1240;
				TargetAttributes = {
					8FC908332628640100448E50 = {
						CreatedOnToolsVersion = 12.4;
					};
					8FC908492628640400448E50 = {
						CreatedOnToolsVersion = 12.4;
						TestTargetID = 8FC908332628640100448E50;
					};
					8FC908542628640400448E50 = {
						CreatedOnToolsVersion = 12.4;
						TestTargetID = 8FC908332628640100448E50;
					};
				};
			};
			buildConfigurationList = 8FC9082F2628640100448E50 /* Build configuration list for PBXProject "Moment" */;
			compatibilityVersion = "Xcode 9.3";
			developmentRegion = en;
			hasScannedForEncodings = 0;
			knownRegions = (
				en,
				Base,
				"zh-Hans",
			);
			mainGroup = 8FC9082B2628640100448E50;
			productRefGroup = 8FC908352628640100448E50 /* Products */;
			projectDirPath = "";
			projectRoot = "";
			targets = (
				8FC908332628640100448E50 /* Moment */,
				8FC908492628640400448E50 /* MomentTests */,
				8FC908542628640400448E50 /* MomentUITests */,
			);
		};
/* End PBXProject section */

/* Begin PBXResourcesBuildPhase section */
		8FC908322628640100448E50 /* Resources */ = {
			isa = PBXResourcesBuildPhase;
			buildActionMask = 2147483647;
			files = (
				8F8D71DC2681C25F00A2DB4E /* Localizable.strings in Resources */,
				8F11DF92262D738100314C11 /* AppStoreProject.xcconfig in Resources */,
				8F11DF8A262D738100314C11 /* AppStoreTarget.xcconfig in Resources */,
				8FC908412628640300448E50 /* Assets.xcassets in Resources */,
				8FD97ABA265E25C5005EFD9A /* GoogleService-Info-Internal.plist in Resources */,
				8F11DF8F262D738100314C11 /* BaseConfigurations.xcconfig in Resources */,
				8FD97AB8265E25C5005EFD9A /* GoogleService-Info-Development.plist in Resources */,
				8F11DF94262D738100314C11 /* BaseProject.xcconfig in Resources */,
				8F11DF8D262D738100314C11 /* BaseTarget.xcconfig in Resources */,
				8F11DF8E262D738100314C11 /* CompilerAndLanguage.xcconfig in Resources */,
				8F11DF93262D738100314C11 /* DebugProject.xcconfig in Resources */,
				8F11DF8B262D738100314C11 /* DebugTarget.xcconfig in Resources */,
				8F11DF91262D738100314C11 /* InternalProject.xcconfig in Resources */,
				8F11DF8C262D738100314C11 /* InternalTarget.xcconfig in Resources */,
				8FC908442628640300448E50 /* LaunchScreen.storyboard in Resources */,
				8FD97AB9265E25C5005EFD9A /* GoogleService-Info-AppStore.plist.plist in Resources */,
				8F11DF90262D738100314C11 /* SDKAndDeviceSupport.xcconfig in Resources */,
			);
			runOnlyForDeploymentPostprocessing = 0;
		};
		8FC908482628640400448E50 /* Resources */ = {
			isa = PBXResourcesBuildPhase;
			buildActionMask = 2147483647;
			files = (
			);
			runOnlyForDeploymentPostprocessing = 0;
		};
		8FC908532628640400448E50 /* Resources */ = {
			isa = PBXResourcesBuildPhase;
			buildActionMask = 2147483647;
			files = (
			);
			runOnlyForDeploymentPostprocessing = 0;
		};
/* End PBXResourcesBuildPhase section */

/* Begin PBXShellScriptBuildPhase section */
		199CA9663528B6FC74B96895 /* [CP] Check Pods Manifest.lock */ = {
			isa = PBXShellScriptBuildPhase;
			buildActionMask = 2147483647;
			files = (
			);
			inputFileListPaths = (
			);
			inputPaths = (
				"${PODS_PODFILE_DIR_PATH}/Podfile.lock",
				"${PODS_ROOT}/Manifest.lock",
			);
			name = "[CP] Check Pods Manifest.lock";
			outputFileListPaths = (
			);
			outputPaths = (
				"$(DERIVED_FILE_DIR)/Pods-Moment-checkManifestLockResult.txt",
			);
			runOnlyForDeploymentPostprocessing = 0;
			shellPath = /bin/sh;
			shellScript = "diff \"${PODS_PODFILE_DIR_PATH}/Podfile.lock\" \"${PODS_ROOT}/Manifest.lock\" > /dev/null\nif [ $? != 0 ] ; then\n    # print error to STDERR\n    echo \"error: The sandbox is not in sync with the Podfile.lock. Run 'pod install' or update your CocoaPods installation.\" >&2\n    exit 1\nfi\n# This output is used by Xcode 'outputs' to avoid re-running this script phase.\necho \"SUCCESS\" > \"${SCRIPT_OUTPUT_FILE_0}\"\n";
			showEnvVarsInLog = 0;
		};
		3B5E441560B762AD8D996C6F /* [CP] Embed Pods Frameworks */ = {
			isa = PBXShellScriptBuildPhase;
			buildActionMask = 2147483647;
			files = (
			);
			inputFileListPaths = (
				"${PODS_ROOT}/Target Support Files/Pods-Moment/Pods-Moment-frameworks-${CONFIGURATION}-input-files.xcfilelist",
			);
			name = "[CP] Embed Pods Frameworks";
			outputFileListPaths = (
				"${PODS_ROOT}/Target Support Files/Pods-Moment/Pods-Moment-frameworks-${CONFIGURATION}-output-files.xcfilelist",
			);
			runOnlyForDeploymentPostprocessing = 0;
			shellPath = /bin/sh;
			shellScript = "\"${PODS_ROOT}/Target Support Files/Pods-Moment/Pods-Moment-frameworks.sh\"\n";
			showEnvVarsInLog = 0;
		};
		46A0E4202AF96B33A0860CC7 /* [CP] Embed Pods Frameworks */ = {
			isa = PBXShellScriptBuildPhase;
			buildActionMask = 2147483647;
			files = (
			);
			inputFileListPaths = (
				"${PODS_ROOT}/Target Support Files/Pods-MomentTests/Pods-MomentTests-frameworks-${CONFIGURATION}-input-files.xcfilelist",
			);
			name = "[CP] Embed Pods Frameworks";
			outputFileListPaths = (
				"${PODS_ROOT}/Target Support Files/Pods-MomentTests/Pods-MomentTests-frameworks-${CONFIGURATION}-output-files.xcfilelist",
			);
			runOnlyForDeploymentPostprocessing = 0;
			shellPath = /bin/sh;
			shellScript = "\"${PODS_ROOT}/Target Support Files/Pods-MomentTests/Pods-MomentTests-frameworks.sh\"\n";
			showEnvVarsInLog = 0;
		};
		8F11DFA4262D7FBE00314C11 /* Run SwiftLint */ = {
			isa = PBXShellScriptBuildPhase;
			buildActionMask = 2147483647;
			files = (
			);
			inputFileListPaths = (
			);
			inputPaths = (
			);
			name = "Run SwiftLint";
			outputFileListPaths = (
			);
			outputPaths = (
			);
			runOnlyForDeploymentPostprocessing = 0;
			shellPath = /bin/sh;
			shellScript = "# Type a script or drag a script file from your workspace to insert its path.\n\"${PODS_ROOT}/SwiftLint/swiftlint\"\n";
		};
		8F8D71D32681C03500A2DB4E /* Run SwiftGen */ = {
			isa = PBXShellScriptBuildPhase;
			buildActionMask = 2147483647;
			files = (
			);
			inputFileListPaths = (
			);
			inputPaths = (
			);
			name = "Run SwiftGen";
			outputFileListPaths = (
			);
			outputPaths = (
			);
			runOnlyForDeploymentPostprocessing = 0;
			shellPath = /bin/sh;
			shellScript = "\"${PODS_ROOT}/SwiftGen/bin/swiftgen\"\n";
		};
		8FD97AA2265E220F005EFD9A /* Copy Firebase Config File */ = {
			isa = PBXShellScriptBuildPhase;
			buildActionMask = 2147483647;
			files = (
			);
			inputFileListPaths = (
			);
			inputPaths = (
			);
			name = "Copy Firebase Config File";
			outputFileListPaths = (
			);
			outputPaths = (
			);
			runOnlyForDeploymentPostprocessing = 0;
			shellPath = /bin/sh;
			shellScript = "cp \"${PROJECT_DIR}/Moment/Configurations/Firebase/${FIREBASE_CONFIG_FILENAME}\" \"${BUILT_PRODUCTS_DIR}/${FULL_PRODUCT_NAME}/GoogleService-Info.plist\"\n\n\n";
		};
		B42DDDAC5870B08F2217794A /* [CP] Check Pods Manifest.lock */ = {
			isa = PBXShellScriptBuildPhase;
			buildActionMask = 2147483647;
			files = (
			);
			inputFileListPaths = (
			);
			inputPaths = (
				"${PODS_PODFILE_DIR_PATH}/Podfile.lock",
				"${PODS_ROOT}/Manifest.lock",
			);
			name = "[CP] Check Pods Manifest.lock";
			outputFileListPaths = (
			);
			outputPaths = (
				"$(DERIVED_FILE_DIR)/Pods-MomentTests-checkManifestLockResult.txt",
			);
			runOnlyForDeploymentPostprocessing = 0;
			shellPath = /bin/sh;
			shellScript = "diff \"${PODS_PODFILE_DIR_PATH}/Podfile.lock\" \"${PODS_ROOT}/Manifest.lock\" > /dev/null\nif [ $? != 0 ] ; then\n    # print error to STDERR\n    echo \"error: The sandbox is not in sync with the Podfile.lock. Run 'pod install' or update your CocoaPods installation.\" >&2\n    exit 1\nfi\n# This output is used by Xcode 'outputs' to avoid re-running this script phase.\necho \"SUCCESS\" > \"${SCRIPT_OUTPUT_FILE_0}\"\n";
			showEnvVarsInLog = 0;
		};
/* End PBXShellScriptBuildPhase section */

/* Begin PBXSourcesBuildPhase section */
		8FC908302628640100448E50 /* Sources */ = {
			isa = PBXSourcesBuildPhase;
			buildActionMask = 2147483647;
			files = (
				8F8D72022682D04C00A2DB4E /* InternalMenuFeatureToggleCell.swift in Sources */,
				8F8D71F02681EE7500A2DB4E /* Strings+Generated.swift in Sources */,
				8FE313B22689F48C0022D991 /* BaseViewController.swift in Sources */,
				8FD0AE7E267B3F0600935F94 /* FirebaseRemoteTogglesDataStore.swift in Sources */,
				8F8D71BB2681944600A2DB4E /* InternalMenuCellType.swift in Sources */,
				8F8D71C02681949100A2DB4E /* InternalMenuItemViewModel.swift in Sources */,
				8F8D7180268098A700A2DB4E /* RoutingSource.swift in Sources */,
				8FE313A72689E4640022D991 /* InternalMenuSectionModel.swift in Sources */,
				8F8D71C52681B8B400A2DB4E /* InternalMenuDescriptionItemViewModel.swift in Sources */,
				8F8D720C2682D2F000A2DB4E /* Functions.swift in Sources */,
				8FE313AC2689EB6A0022D991 /* DesignKitDemoNavigator.swift in Sources */,
				8F8D71852680991800A2DB4E /* TransitionType.swift in Sources */,
				8F8D71CF2681BC6600A2DB4E /* InternalMenuActionTriggerItemViewModel.swift in Sources */,
				8F8D71972680B76400A2DB4E /* InternalMenuNavigator.swift in Sources */,
				8FC908382628640100448E50 /* AppDelegate.swift in Sources */,
				8F8D71692680943D00A2DB4E /* AppRouting.swift in Sources */,
				8FD0AE87267B660C00935F94 /* main.swift in Sources */,
				8FD0AE8F267B71DE00935F94 /* MomentsTimelineViewController.swift in Sources */,
				8F8D718B2680AFBF00A2DB4E /* ApplicationExtensions.swift in Sources */,
				8F8D71B32681935600A2DB4E /* DesignKitDemoViewController.swift in Sources */,
				8FD0AE74267B3ECD00935F94 /* BuildTargetTogglesDataStore.swift in Sources */,
				8FE313A22689E43E0022D991 /* InternalMenuViewModel.swift in Sources */,
				8F8D71FD2682CEA100A2DB4E /* InternalMenuDescriptionCell.swift in Sources */,
				8F8D72072682D08B00A2DB4E /* InternalMenuActionTriggerCell.swift in Sources */,
				8F8D71CA2681BA0C00A2DB4E /* InternalMenuFeatureToggleItemViewModel.swift in Sources */,
				8FD0AE6C267B3DA700935F94 /* TogglesDataStoreType.swift in Sources */,
				8F8D717B2680954E00A2DB4E /* Navigating.swift in Sources */,
				8F8D71762680951900A2DB4E /* AppRouter.swift in Sources */,
				8FC9083A2628640100448E50 /* SceneDelegate.swift in Sources */,
				8FD97A72265756BC005EFD9A /* Configuration.swift in Sources */,
				8FD0AE79267B3EE700935F94 /* InternalTogglesDataStore.swift in Sources */,
				8F8D71A72680B81300A2DB4E /* InternalMenuViewController.swift in Sources */,
				8F8D71AC2680BA4800A2DB4E /* UniversalLinks.swift in Sources */,
			);
			runOnlyForDeploymentPostprocessing = 0;
		};
		8FC908462628640400448E50 /* Sources */ = {
			isa = PBXSourcesBuildPhase;
			buildActionMask = 2147483647;
			files = (
				8FC9084F2628640400448E50 /* MomentTests.swift in Sources */,
			);
			runOnlyForDeploymentPostprocessing = 0;
		};
		8FC908512628640400448E50 /* Sources */ = {
			isa = PBXSourcesBuildPhase;
			buildActionMask = 2147483647;
			files = (
				8FC9085A2628640400448E50 /* MomentUITests.swift in Sources */,
			);
			runOnlyForDeploymentPostprocessing = 0;
		};
/* End PBXSourcesBuildPhase section */

/* Begin PBXTargetDependency section */
		8FC9084C2628640400448E50 /* PBXTargetDependency */ = {
			isa = PBXTargetDependency;
			target = 8FC908332628640100448E50 /* Moment */;
			targetProxy = 8FC9084B2628640400448E50 /* PBXContainerItemProxy */;
		};
		8FC908572628640400448E50 /* PBXTargetDependency */ = {
			isa = PBXTargetDependency;
			target = 8FC908332628640100448E50 /* Moment */;
			targetProxy = 8FC908562628640400448E50 /* PBXContainerItemProxy */;
		};
/* End PBXTargetDependency section */

/* Begin PBXVariantGroup section */
		8F8D71DE2681C25F00A2DB4E /* Localizable.strings */ = {
			isa = PBXVariantGroup;
			children = (
				8F8D71DD2681C25F00A2DB4E /* en */,
				8F8D71E22681C34C00A2DB4E /* zh-Hans */,
			);
			name = Localizable.strings;
			sourceTree = "<group>";
		};
		8FC908422628640300448E50 /* LaunchScreen.storyboard */ = {
			isa = PBXVariantGroup;
			children = (
				8FC908432628640300448E50 /* Base */,
			);
			name = LaunchScreen.storyboard;
			sourceTree = "<group>";
		};
/* End PBXVariantGroup section */

/* Begin XCBuildConfiguration section */
		8F11DF52262D72E100314C11 /* AppStore */ = {
			isa = XCBuildConfiguration;
			baseConfigurationReference = 8F11DF86262D738100314C11 /* AppStoreProject.xcconfig */;
			buildSettings = {
				ALWAYS_SEARCH_USER_PATHS = NO;
				CLANG_ANALYZER_LOCALIZABILITY_NONLOCALIZED = YES;
				CLANG_ANALYZER_NONNULL = YES;
				CLANG_ANALYZER_NUMBER_OBJECT_CONVERSION = YES_AGGRESSIVE;
				CLANG_CXX_LANGUAGE_STANDARD = "gnu++14";
				CLANG_CXX_LIBRARY = "libc++";
				CLANG_ENABLE_MODULES = YES;
				CLANG_ENABLE_OBJC_ARC = YES;
				CLANG_ENABLE_OBJC_WEAK = YES;
				CLANG_WARN_BLOCK_CAPTURE_AUTORELEASING = YES;
				CLANG_WARN_BOOL_CONVERSION = YES;
				CLANG_WARN_COMMA = YES;
				CLANG_WARN_CONSTANT_CONVERSION = YES;
				CLANG_WARN_DEPRECATED_OBJC_IMPLEMENTATIONS = YES;
				CLANG_WARN_DIRECT_OBJC_ISA_USAGE = YES_ERROR;
				CLANG_WARN_DOCUMENTATION_COMMENTS = YES;
				CLANG_WARN_EMPTY_BODY = YES;
				CLANG_WARN_ENUM_CONVERSION = YES;
				CLANG_WARN_INFINITE_RECURSION = YES;
				CLANG_WARN_INT_CONVERSION = YES;
				CLANG_WARN_NON_LITERAL_NULL_CONVERSION = YES;
				CLANG_WARN_OBJC_IMPLICIT_RETAIN_SELF = YES;
				CLANG_WARN_OBJC_LITERAL_CONVERSION = YES;
				CLANG_WARN_OBJC_ROOT_CLASS = YES_ERROR;
				CLANG_WARN_QUOTED_INCLUDE_IN_FRAMEWORK_HEADER = YES;
				CLANG_WARN_RANGE_LOOP_ANALYSIS = YES;
				CLANG_WARN_STRICT_PROTOTYPES = YES;
				CLANG_WARN_SUSPICIOUS_MOVE = YES;
				CLANG_WARN_UNGUARDED_AVAILABILITY = YES_AGGRESSIVE;
				CLANG_WARN_UNREACHABLE_CODE = YES;
				CLANG_WARN__DUPLICATE_METHOD_MATCH = YES;
				COPY_PHASE_STRIP = NO;
				DEBUG_INFORMATION_FORMAT = "dwarf-with-dsym";
				ENABLE_NS_ASSERTIONS = NO;
				ENABLE_STRICT_OBJC_MSGSEND = YES;
				GCC_C_LANGUAGE_STANDARD = gnu11;
				GCC_NO_COMMON_BLOCKS = YES;
				GCC_WARN_64_TO_32_BIT_CONVERSION = YES;
				GCC_WARN_ABOUT_RETURN_TYPE = YES_ERROR;
				GCC_WARN_UNDECLARED_SELECTOR = YES;
				GCC_WARN_UNINITIALIZED_AUTOS = YES_AGGRESSIVE;
				GCC_WARN_UNUSED_FUNCTION = YES;
				GCC_WARN_UNUSED_VARIABLE = YES;
				IPHONEOS_DEPLOYMENT_TARGET = 14.0;
				MTL_ENABLE_DEBUG_INFO = NO;
				MTL_FAST_MATH = YES;
				PRODUCT_NAME = "$(inherited)";
				SDKROOT = iphoneos;
				SWIFT_COMPILATION_MODE = wholemodule;
				SWIFT_OPTIMIZATION_LEVEL = "-O";
				VALIDATE_PRODUCT = YES;
			};
			name = AppStore;
		};
		8F11DF53262D72E100314C11 /* AppStore */ = {
			isa = XCBuildConfiguration;
			baseConfigurationReference = 8F11DF7C262D738100314C11 /* AppStoreTarget.xcconfig */;
			buildSettings = {
				ASSETCATALOG_COMPILER_APPICON_NAME = AppIcon;
				ASSETCATALOG_COMPILER_GLOBAL_ACCENT_COLOR_NAME = AccentColor;
				CODE_SIGN_IDENTITY = "iPhone Distribution";
				CODE_SIGN_STYLE = Manual;
				DEVELOPMENT_TEAM = 5V2BL643LV;
				INFOPLIST_FILE = Moment/Info.plist;
				IPHONEOS_DEPLOYMENT_TARGET = 14.1;
				LD_RUNPATH_SEARCH_PATHS = (
					"$(inherited)",
					"@executable_path/Frameworks",
				);
				PRODUCT_BUNDLE_IDENTIFIER = "$(inherited)";
				PRODUCT_NAME = "$(TARGET_NAME)";
				PROVISIONING_PROFILE_SPECIFIER = "match AppStore com.samlaudev.cp13.moment";
				SWIFT_VERSION = 5.0;
				TARGETED_DEVICE_FAMILY = "1,2";
			};
			name = AppStore;
		};
		8F11DF54262D72E100314C11 /* AppStore */ = {
			isa = XCBuildConfiguration;
			baseConfigurationReference = 8D1CD60A79FE32CAE9E9E4D1 /* Pods-MomentTests.appstore.xcconfig */;
			buildSettings = {
				ALWAYS_EMBED_SWIFT_STANDARD_LIBRARIES = YES;
				BUNDLE_LOADER = "$(TEST_HOST)";
				CODE_SIGN_STYLE = Automatic;
				DEVELOPMENT_TEAM = W25333N6A3;
				INFOPLIST_FILE = MomentTests/Info.plist;
				IPHONEOS_DEPLOYMENT_TARGET = 14.4;
				LD_RUNPATH_SEARCH_PATHS = (
					"$(inherited)",
					"@executable_path/Frameworks",
					"@loader_path/Frameworks",
				);
				PRODUCT_BUNDLE_IDENTIFIER = com.samlaudev.MomentTests;
				PRODUCT_NAME = "$(TARGET_NAME)";
				SWIFT_VERSION = 5.0;
				TARGETED_DEVICE_FAMILY = "1,2";
				TEST_HOST = "$(BUILT_PRODUCTS_DIR)/Moment.app/Moment";
			};
			name = AppStore;
		};
		8F11DF55262D72E100314C11 /* AppStore */ = {
			isa = XCBuildConfiguration;
			buildSettings = {
				ALWAYS_EMBED_SWIFT_STANDARD_LIBRARIES = YES;
				CODE_SIGN_STYLE = Automatic;
				DEVELOPMENT_TEAM = W25333N6A3;
				INFOPLIST_FILE = MomentUITests/Info.plist;
				LD_RUNPATH_SEARCH_PATHS = (
					"$(inherited)",
					"@executable_path/Frameworks",
					"@loader_path/Frameworks",
				);
				PRODUCT_BUNDLE_IDENTIFIER = com.samlaudev.MomentUITests;
				PRODUCT_NAME = "$(TARGET_NAME)";
				SWIFT_VERSION = 5.0;
				TARGETED_DEVICE_FAMILY = "1,2";
				TEST_TARGET_NAME = Moment;
			};
			name = AppStore;
		};
		8FC9085C2628640400448E50 /* Debug */ = {
			isa = XCBuildConfiguration;
			baseConfigurationReference = 8F11DF87262D738100314C11 /* DebugProject.xcconfig */;
			buildSettings = {
				ALWAYS_SEARCH_USER_PATHS = NO;
				CLANG_ANALYZER_LOCALIZABILITY_NONLOCALIZED = YES;
				CLANG_ANALYZER_NONNULL = YES;
				CLANG_ANALYZER_NUMBER_OBJECT_CONVERSION = YES_AGGRESSIVE;
				CLANG_CXX_LANGUAGE_STANDARD = "gnu++14";
				CLANG_CXX_LIBRARY = "libc++";
				CLANG_ENABLE_MODULES = YES;
				CLANG_ENABLE_OBJC_ARC = YES;
				CLANG_ENABLE_OBJC_WEAK = YES;
				CLANG_WARN_BLOCK_CAPTURE_AUTORELEASING = YES;
				CLANG_WARN_BOOL_CONVERSION = YES;
				CLANG_WARN_COMMA = YES;
				CLANG_WARN_CONSTANT_CONVERSION = YES;
				CLANG_WARN_DEPRECATED_OBJC_IMPLEMENTATIONS = YES;
				CLANG_WARN_DIRECT_OBJC_ISA_USAGE = YES_ERROR;
				CLANG_WARN_DOCUMENTATION_COMMENTS = YES;
				CLANG_WARN_EMPTY_BODY = YES;
				CLANG_WARN_ENUM_CONVERSION = YES;
				CLANG_WARN_INFINITE_RECURSION = YES;
				CLANG_WARN_INT_CONVERSION = YES;
				CLANG_WARN_NON_LITERAL_NULL_CONVERSION = YES;
				CLANG_WARN_OBJC_IMPLICIT_RETAIN_SELF = YES;
				CLANG_WARN_OBJC_LITERAL_CONVERSION = YES;
				CLANG_WARN_OBJC_ROOT_CLASS = YES_ERROR;
				CLANG_WARN_QUOTED_INCLUDE_IN_FRAMEWORK_HEADER = YES;
				CLANG_WARN_RANGE_LOOP_ANALYSIS = YES;
				CLANG_WARN_STRICT_PROTOTYPES = YES;
				CLANG_WARN_SUSPICIOUS_MOVE = YES;
				CLANG_WARN_UNGUARDED_AVAILABILITY = YES_AGGRESSIVE;
				CLANG_WARN_UNREACHABLE_CODE = YES;
				CLANG_WARN__DUPLICATE_METHOD_MATCH = YES;
				COPY_PHASE_STRIP = NO;
				DEBUG_INFORMATION_FORMAT = dwarf;
				ENABLE_STRICT_OBJC_MSGSEND = YES;
				ENABLE_TESTABILITY = YES;
				GCC_C_LANGUAGE_STANDARD = gnu11;
				GCC_DYNAMIC_NO_PIC = NO;
				GCC_NO_COMMON_BLOCKS = YES;
				GCC_OPTIMIZATION_LEVEL = 0;
				GCC_PREPROCESSOR_DEFINITIONS = (
					"DEBUG=1",
					"$(inherited)",
				);
				GCC_WARN_64_TO_32_BIT_CONVERSION = YES;
				GCC_WARN_ABOUT_RETURN_TYPE = YES_ERROR;
				GCC_WARN_UNDECLARED_SELECTOR = YES;
				GCC_WARN_UNINITIALIZED_AUTOS = YES_AGGRESSIVE;
				GCC_WARN_UNUSED_FUNCTION = YES;
				GCC_WARN_UNUSED_VARIABLE = YES;
				IPHONEOS_DEPLOYMENT_TARGET = 14.0;
				MTL_ENABLE_DEBUG_INFO = INCLUDE_SOURCE;
				MTL_FAST_MATH = YES;
				ONLY_ACTIVE_ARCH = YES;
				PRODUCT_NAME = "$(inherited)";
				SDKROOT = iphoneos;
				SWIFT_ACTIVE_COMPILATION_CONDITIONS = DEBUG;
				SWIFT_OPTIMIZATION_LEVEL = "-Onone";
			};
			name = Debug;
		};
		8FC9085D2628640400448E50 /* Internal */ = {
			isa = XCBuildConfiguration;
			baseConfigurationReference = 8F11DF85262D738100314C11 /* InternalProject.xcconfig */;
			buildSettings = {
				ALWAYS_SEARCH_USER_PATHS = NO;
				CLANG_ANALYZER_LOCALIZABILITY_NONLOCALIZED = YES;
				CLANG_ANALYZER_NONNULL = YES;
				CLANG_ANALYZER_NUMBER_OBJECT_CONVERSION = YES_AGGRESSIVE;
				CLANG_CXX_LANGUAGE_STANDARD = "gnu++14";
				CLANG_CXX_LIBRARY = "libc++";
				CLANG_ENABLE_MODULES = YES;
				CLANG_ENABLE_OBJC_ARC = YES;
				CLANG_ENABLE_OBJC_WEAK = YES;
				CLANG_WARN_BLOCK_CAPTURE_AUTORELEASING = YES;
				CLANG_WARN_BOOL_CONVERSION = YES;
				CLANG_WARN_COMMA = YES;
				CLANG_WARN_CONSTANT_CONVERSION = YES;
				CLANG_WARN_DEPRECATED_OBJC_IMPLEMENTATIONS = YES;
				CLANG_WARN_DIRECT_OBJC_ISA_USAGE = YES_ERROR;
				CLANG_WARN_DOCUMENTATION_COMMENTS = YES;
				CLANG_WARN_EMPTY_BODY = YES;
				CLANG_WARN_ENUM_CONVERSION = YES;
				CLANG_WARN_INFINITE_RECURSION = YES;
				CLANG_WARN_INT_CONVERSION = YES;
				CLANG_WARN_NON_LITERAL_NULL_CONVERSION = YES;
				CLANG_WARN_OBJC_IMPLICIT_RETAIN_SELF = YES;
				CLANG_WARN_OBJC_LITERAL_CONVERSION = YES;
				CLANG_WARN_OBJC_ROOT_CLASS = YES_ERROR;
				CLANG_WARN_QUOTED_INCLUDE_IN_FRAMEWORK_HEADER = YES;
				CLANG_WARN_RANGE_LOOP_ANALYSIS = YES;
				CLANG_WARN_STRICT_PROTOTYPES = YES;
				CLANG_WARN_SUSPICIOUS_MOVE = YES;
				CLANG_WARN_UNGUARDED_AVAILABILITY = YES_AGGRESSIVE;
				CLANG_WARN_UNREACHABLE_CODE = YES;
				CLANG_WARN__DUPLICATE_METHOD_MATCH = YES;
				COPY_PHASE_STRIP = NO;
				DEBUG_INFORMATION_FORMAT = "dwarf-with-dsym";
				ENABLE_NS_ASSERTIONS = NO;
				ENABLE_STRICT_OBJC_MSGSEND = YES;
				GCC_C_LANGUAGE_STANDARD = gnu11;
				GCC_NO_COMMON_BLOCKS = YES;
				GCC_WARN_64_TO_32_BIT_CONVERSION = YES;
				GCC_WARN_ABOUT_RETURN_TYPE = YES_ERROR;
				GCC_WARN_UNDECLARED_SELECTOR = YES;
				GCC_WARN_UNINITIALIZED_AUTOS = YES_AGGRESSIVE;
				GCC_WARN_UNUSED_FUNCTION = YES;
				GCC_WARN_UNUSED_VARIABLE = YES;
				IPHONEOS_DEPLOYMENT_TARGET = 14.0;
				MTL_ENABLE_DEBUG_INFO = NO;
				MTL_FAST_MATH = YES;
				PRODUCT_NAME = "$(inherited)";
				SDKROOT = iphoneos;
				SWIFT_COMPILATION_MODE = wholemodule;
				SWIFT_OPTIMIZATION_LEVEL = "-O";
				VALIDATE_PRODUCT = YES;
			};
			name = Internal;
		};
		8FC9085F2628640400448E50 /* Debug */ = {
			isa = XCBuildConfiguration;
			baseConfigurationReference = 8F11DF7D262D738100314C11 /* DebugTarget.xcconfig */;
			buildSettings = {
				ASSETCATALOG_COMPILER_APPICON_NAME = AppIcon;
				ASSETCATALOG_COMPILER_GLOBAL_ACCENT_COLOR_NAME = AccentColor;
				CODE_SIGN_IDENTITY = "iPhone Developer";
				CODE_SIGN_STYLE = Manual;
				DEVELOPMENT_TEAM = 5V2BL643LV;
				INFOPLIST_FILE = Moment/Info.plist;
				IPHONEOS_DEPLOYMENT_TARGET = 14.1;
				LD_RUNPATH_SEARCH_PATHS = (
					"$(inherited)",
					"@executable_path/Frameworks",
				);
				PRODUCT_BUNDLE_IDENTIFIER = "$(inherited)";
				PRODUCT_NAME = "$(TARGET_NAME)";
				PROVISIONING_PROFILE_SPECIFIER = "match Development com.samlaudev.cp13.moment.development";
				SWIFT_VERSION = 5.0;
				TARGETED_DEVICE_FAMILY = "1,2";
			};
			name = Debug;
		};
		8FC908602628640400448E50 /* Internal */ = {
			isa = XCBuildConfiguration;
			baseConfigurationReference = 8F11DF7E262D738100314C11 /* InternalTarget.xcconfig */;
			buildSettings = {
				ASSETCATALOG_COMPILER_APPICON_NAME = AppIcon;
				ASSETCATALOG_COMPILER_GLOBAL_ACCENT_COLOR_NAME = AccentColor;
				CODE_SIGN_IDENTITY = "iPhone Distribution";
				CODE_SIGN_STYLE = Manual;
				DEVELOPMENT_TEAM = 5V2BL643LV;
				INFOPLIST_FILE = Moment/Info.plist;
				IPHONEOS_DEPLOYMENT_TARGET = 14.1;
				LD_RUNPATH_SEARCH_PATHS = (
					"$(inherited)",
					"@executable_path/Frameworks",
				);
				PRODUCT_BUNDLE_IDENTIFIER = "$(inherited)";
				PRODUCT_NAME = "$(TARGET_NAME)";
				PROVISIONING_PROFILE_SPECIFIER = "match AdHoc com.samlaudev.cp13.moment.internal";
				SWIFT_VERSION = 5.0;
				TARGETED_DEVICE_FAMILY = "1,2";
			};
			name = Internal;
		};
		8FC908622628640400448E50 /* Debug */ = {
			isa = XCBuildConfiguration;
			baseConfigurationReference = 5C1F5552DF6E53BB04129307 /* Pods-MomentTests.debug.xcconfig */;
			buildSettings = {
				ALWAYS_EMBED_SWIFT_STANDARD_LIBRARIES = YES;
				BUNDLE_LOADER = "$(TEST_HOST)";
				CODE_SIGN_STYLE = Automatic;
				DEVELOPMENT_TEAM = W25333N6A3;
				INFOPLIST_FILE = MomentTests/Info.plist;
				IPHONEOS_DEPLOYMENT_TARGET = 14.4;
				LD_RUNPATH_SEARCH_PATHS = (
					"$(inherited)",
					"@executable_path/Frameworks",
					"@loader_path/Frameworks",
				);
				PRODUCT_BUNDLE_IDENTIFIER = com.samlaudev.MomentTests;
				PRODUCT_NAME = "$(TARGET_NAME)";
				SWIFT_VERSION = 5.0;
				TARGETED_DEVICE_FAMILY = "1,2";
				TEST_HOST = "$(BUILT_PRODUCTS_DIR)/Moment.app/Moment";
			};
			name = Debug;
		};
		8FC908632628640400448E50 /* Internal */ = {
			isa = XCBuildConfiguration;
			baseConfigurationReference = 3F3C7092B89FFE38382BD9A8 /* Pods-MomentTests.internal.xcconfig */;
			buildSettings = {
				ALWAYS_EMBED_SWIFT_STANDARD_LIBRARIES = YES;
				BUNDLE_LOADER = "$(TEST_HOST)";
				CODE_SIGN_STYLE = Automatic;
				DEVELOPMENT_TEAM = W25333N6A3;
				INFOPLIST_FILE = MomentTests/Info.plist;
				IPHONEOS_DEPLOYMENT_TARGET = 14.4;
				LD_RUNPATH_SEARCH_PATHS = (
					"$(inherited)",
					"@executable_path/Frameworks",
					"@loader_path/Frameworks",
				);
				PRODUCT_BUNDLE_IDENTIFIER = com.samlaudev.MomentTests;
				PRODUCT_NAME = "$(TARGET_NAME)";
				SWIFT_VERSION = 5.0;
				TARGETED_DEVICE_FAMILY = "1,2";
				TEST_HOST = "$(BUILT_PRODUCTS_DIR)/Moment.app/Moment";
			};
			name = Internal;
		};
		8FC908652628640400448E50 /* Debug */ = {
			isa = XCBuildConfiguration;
			buildSettings = {
				ALWAYS_EMBED_SWIFT_STANDARD_LIBRARIES = YES;
				CODE_SIGN_STYLE = Automatic;
				DEVELOPMENT_TEAM = W25333N6A3;
				INFOPLIST_FILE = MomentUITests/Info.plist;
				LD_RUNPATH_SEARCH_PATHS = (
					"$(inherited)",
					"@executable_path/Frameworks",
					"@loader_path/Frameworks",
				);
				PRODUCT_BUNDLE_IDENTIFIER = com.samlaudev.MomentUITests;
				PRODUCT_NAME = "$(TARGET_NAME)";
				SWIFT_VERSION = 5.0;
				TARGETED_DEVICE_FAMILY = "1,2";
				TEST_TARGET_NAME = Moment;
			};
			name = Debug;
		};
		8FC908662628640400448E50 /* Internal */ = {
			isa = XCBuildConfiguration;
			buildSettings = {
				ALWAYS_EMBED_SWIFT_STANDARD_LIBRARIES = YES;
				CODE_SIGN_STYLE = Automatic;
				DEVELOPMENT_TEAM = W25333N6A3;
				INFOPLIST_FILE = MomentUITests/Info.plist;
				LD_RUNPATH_SEARCH_PATHS = (
					"$(inherited)",
					"@executable_path/Frameworks",
					"@loader_path/Frameworks",
				);
				PRODUCT_BUNDLE_IDENTIFIER = com.samlaudev.MomentUITests;
				PRODUCT_NAME = "$(TARGET_NAME)";
				SWIFT_VERSION = 5.0;
				TARGETED_DEVICE_FAMILY = "1,2";
				TEST_TARGET_NAME = Moment;
			};
			name = Internal;
		};
/* End XCBuildConfiguration section */

/* Begin XCConfigurationList section */
		8FC9082F2628640100448E50 /* Build configuration list for PBXProject "Moment" */ = {
			isa = XCConfigurationList;
			buildConfigurations = (
				8FC9085C2628640400448E50 /* Debug */,
				8FC9085D2628640400448E50 /* Internal */,
				8F11DF52262D72E100314C11 /* AppStore */,
			);
			defaultConfigurationIsVisible = 0;
			defaultConfigurationName = Internal;
		};
		8FC9085E2628640400448E50 /* Build configuration list for PBXNativeTarget "Moment" */ = {
			isa = XCConfigurationList;
			buildConfigurations = (
				8FC9085F2628640400448E50 /* Debug */,
				8FC908602628640400448E50 /* Internal */,
				8F11DF53262D72E100314C11 /* AppStore */,
			);
			defaultConfigurationIsVisible = 0;
			defaultConfigurationName = Internal;
		};
		8FC908612628640400448E50 /* Build configuration list for PBXNativeTarget "MomentTests" */ = {
			isa = XCConfigurationList;
			buildConfigurations = (
				8FC908622628640400448E50 /* Debug */,
				8FC908632628640400448E50 /* Internal */,
				8F11DF54262D72E100314C11 /* AppStore */,
			);
			defaultConfigurationIsVisible = 0;
			defaultConfigurationName = Internal;
		};
		8FC908642628640400448E50 /* Build configuration list for PBXNativeTarget "MomentUITests" */ = {
			isa = XCConfigurationList;
			buildConfigurations = (
				8FC908652628640400448E50 /* Debug */,
				8FC908662628640400448E50 /* Internal */,
				8F11DF55262D72E100314C11 /* AppStore */,
			);
			defaultConfigurationIsVisible = 0;
			defaultConfigurationName = Internal;
		};
/* End XCConfigurationList section */
	};
	rootObject = 8FC9082C2628640100448E50 /* Project object */;
}
